// !$*UTF8*$!
{
	archiveVersion = 1;
	classes = {
	};
	objectVersion = 56;
	objects = {

/* Begin PBXBuildFile section */
		6B5D51892B06696400BAE163 /* SecondView.swift in Sources */ = {isa = PBXBuildFile; fileRef = 6B5D51882B06696400BAE163 /* SecondView.swift */; };
		6B5D518B2B0A049200BAE163 /* alfont_com_HONORSansArabicUI-M.ttf in Resources */ = {isa = PBXBuildFile; fileRef = 6B5D518A2B0A049200BAE163 /* alfont_com_HONORSansArabicUI-M.ttf */; };
		6BC0CA072B05F8FF00617411 /* tesannaApp.swift in Sources */ = {isa = PBXBuildFile; fileRef = 6BC0CA062B05F8FF00617411 /* tesannaApp.swift */; };
		6BC0CA092B05F8FF00617411 /* ContentView.swift in Sources */ = {isa = PBXBuildFile; fileRef = 6BC0CA082B05F8FF00617411 /* ContentView.swift */; };
		6BC0CA0B2B05F90100617411 /* Assets.xcassets in Resources */ = {isa = PBXBuildFile; fileRef = 6BC0CA0A2B05F90100617411 /* Assets.xcassets */; };
		6BC0CA0E2B05F90100617411 /* Preview Assets.xcassets in Resources */ = {isa = PBXBuildFile; fileRef = 6BC0CA0D2B05F90100617411 /* Preview Assets.xcassets */; };
		FD6888EC2B15CCB800F78C80 /* RecipeModel.swift in Sources */ = {isa = PBXBuildFile; fileRef = FD6888EB2B15CCB800F78C80 /* RecipeModel.swift */; };
		FD6888F02B1733D100F78C80 /* RecipeViewModel.swift in Sources */ = {isa = PBXBuildFile; fileRef = FD6888EF2B1733D100F78C80 /* RecipeViewModel.swift */; };
		FDF0D9C22B0F4F9900A8E694 /* FavoritesPage.swift in Sources */ = {isa = PBXBuildFile; fileRef = FDF0D9C12B0F4F9900A8E694 /* FavoritesPage.swift */; };
/* End PBXBuildFile section */

/* Begin PBXFileReference section */
		6B5D51882B06696400BAE163 /* SecondView.swift */ = {isa = PBXFileReference; lastKnownFileType = sourcecode.swift; path = SecondView.swift; sourceTree = "<group>"; };
		6B5D518A2B0A049200BAE163 /* alfont_com_HONORSansArabicUI-M.ttf */ = {isa = PBXFileReference; lastKnownFileType = file; name = "alfont_com_HONORSansArabicUI-M.ttf"; path = "../../../../Downloads/alfont_com_HONORSansArabicUI-M.ttf"; sourceTree = "<group>"; };
		6BC0CA032B05F8FF00617411 /* tesanna.app */ = {isa = PBXFileReference; explicitFileType = wrapper.application; includeInIndex = 0; path = tesanna.app; sourceTree = BUILT_PRODUCTS_DIR; };
		6BC0CA062B05F8FF00617411 /* tesannaApp.swift */ = {isa = PBXFileReference; lastKnownFileType = sourcecode.swift; path = tesannaApp.swift; sourceTree = "<group>"; };
		6BC0CA082B05F8FF00617411 /* ContentView.swift */ = {isa = PBXFileReference; lastKnownFileType = sourcecode.swift; path = ContentView.swift; sourceTree = "<group>"; };
		6BC0CA0A2B05F90100617411 /* Assets.xcassets */ = {isa = PBXFileReference; lastKnownFileType = folder.assetcatalog; path = Assets.xcassets; sourceTree = "<group>"; };
		6BC0CA0D2B05F90100617411 /* Preview Assets.xcassets */ = {isa = PBXFileReference; lastKnownFileType = folder.assetcatalog; path = "Preview Assets.xcassets"; sourceTree = "<group>"; };
		FD6888EB2B15CCB800F78C80 /* RecipeModel.swift */ = {isa = PBXFileReference; lastKnownFileType = sourcecode.swift; path = RecipeModel.swift; sourceTree = "<group>"; };
		FD6888EF2B1733D100F78C80 /* RecipeViewModel.swift */ = {isa = PBXFileReference; lastKnownFileType = sourcecode.swift; path = RecipeViewModel.swift; sourceTree = "<group>"; };
		FDF0D9C12B0F4F9900A8E694 /* FavoritesPage.swift */ = {isa = PBXFileReference; lastKnownFileType = sourcecode.swift; path = FavoritesPage.swift; sourceTree = "<group>"; };
/* End PBXFileReference section */

/* Begin PBXFrameworksBuildPhase section */
		6BC0CA002B05F8FF00617411 /* Frameworks */ = {
			isa = PBXFrameworksBuildPhase;
			buildActionMask = 2147483647;
			files = (
			);
			runOnlyForDeploymentPostprocessing = 0;
		};
/* End PBXFrameworksBuildPhase section */

/* Begin PBXGroup section */
		6BC0C9FA2B05F8FF00617411 = {
			isa = PBXGroup;
			children = (
				6B5D51882B06696400BAE163 /* SecondView.swift */,
				6BC0CA052B05F8FF00617411 /* tesanna */,
				6BC0CA042B05F8FF00617411 /* Products */,
			);
			sourceTree = "<group>";
		};
		6BC0CA042B05F8FF00617411 /* Products */ = {
			isa = PBXGroup;
			children = (
				6BC0CA032B05F8FF00617411 /* tesanna.app */,
			);
			name = Products;
			sourceTree = "<group>";
		};
		6BC0CA052B05F8FF00617411 /* tesanna */ = {
			isa = PBXGroup;
			children = (
				6BC0CA062B05F8FF00617411 /* tesannaApp.swift */,
				6BC0CA082B05F8FF00617411 /* ContentView.swift */,
				FDF0D9C12B0F4F9900A8E694 /* FavoritesPage.swift */,
				FD6888EB2B15CCB800F78C80 /* RecipeModel.swift */,
				6BC0CA0A2B05F90100617411 /* Assets.xcassets */,
				6BC0CA0C2B05F90100617411 /* Preview Content */,
				FD6888EF2B1733D100F78C80 /* RecipeViewModel.swift */,
			);
			path = tesanna;
			sourceTree = "<group>";
		};
		6BC0CA0C2B05F90100617411 /* Preview Content */ = {
			isa = PBXGroup;
			children = (
				6B5D518A2B0A049200BAE163 /* alfont_com_HONORSansArabicUI-M.ttf */,
				6BC0CA0D2B05F90100617411 /* Preview Assets.xcassets */,
			);
			path = "Preview Content";
			sourceTree = "<group>";
		};
/* End PBXGroup section */

/* Begin PBXNativeTarget section */
		6BC0CA022B05F8FF00617411 /* tesanna */ = {
			isa = PBXNativeTarget;
			buildConfigurationList = 6BC0CA112B05F90100617411 /* Build configuration list for PBXNativeTarget "tesanna" */;
			buildPhases = (
				6BC0C9FF2B05F8FF00617411 /* Sources */,
				6BC0CA002B05F8FF00617411 /* Frameworks */,
				6BC0CA012B05F8FF00617411 /* Resources */,
			);
			buildRules = (
			);
			dependencies = (
			);
			name = tesanna;
			productName = tesanna;
			productReference = 6BC0CA032B05F8FF00617411 /* tesanna.app */;
			productType = "com.apple.product-type.application";
		};
/* End PBXNativeTarget section */

/* Begin PBXProject section */
		6BC0C9FB2B05F8FF00617411 /* Project object */ = {
			isa = PBXProject;
			attributes = {
				BuildIndependentTargetsInParallel = 1;
				LastSwiftUpdateCheck = 1500;
				LastUpgradeCheck = 1500;
				TargetAttributes = {
					6BC0CA022B05F8FF00617411 = {
						CreatedOnToolsVersion = 15.0;
					};
				};
			};
			buildConfigurationList = 6BC0C9FE2B05F8FF00617411 /* Build configuration list for PBXProject "tesanna" */;
			compatibilityVersion = "Xcode 14.0";
			developmentRegion = en;
			hasScannedForEncodings = 0;
			knownRegions = (
				en,
				Base,
			);
			mainGroup = 6BC0C9FA2B05F8FF00617411;
			productRefGroup = 6BC0CA042B05F8FF00617411 /* Products */;
			projectDirPath = "";
			projectRoot = "";
			targets = (
				6BC0CA022B05F8FF00617411 /* tesanna */,
			);
		};
/* End PBXProject section */

/* Begin PBXResourcesBuildPhase section */
		6BC0CA012B05F8FF00617411 /* Resources */ = {
			isa = PBXResourcesBuildPhase;
			buildActionMask = 2147483647;
			files = (
				6BC0CA0E2B05F90100617411 /* Preview Assets.xcassets in Resources */,
				6B5D518B2B0A049200BAE163 /* alfont_com_HONORSansArabicUI-M.ttf in Resources */,
				6BC0CA0B2B05F90100617411 /* Assets.xcassets in Resources */,
			);
			runOnlyForDeploymentPostprocessing = 0;
		};
/* End PBXResourcesBuildPhase section */

/* Begin PBXSourcesBuildPhase section */
		6BC0C9FF2B05F8FF00617411 /* Sources */ = {
			isa = PBXSourcesBuildPhase;
			buildActionMask = 2147483647;
			files = (
				6B5D51892B06696400BAE163 /* SecondView.swift in Sources */,
				6BC0CA092B05F8FF00617411 /* ContentView.swift in Sources */,
				FD6888F02B1733D100F78C80 /* RecipeViewModel.swift in Sources */,
				FDF0D9C22B0F4F9900A8E694 /* FavoritesPage.swift in Sources */,
				6BC0CA072B05F8FF00617411 /* tesannaApp.swift in Sources */,
				FD6888EC2B15CCB800F78C80 /* RecipeModel.swift in Sources */,
			);
			runOnlyForDeploymentPostprocessing = 0;
		};
/* End PBXSourcesBuildPhase section */

/* Begin XCBuildConfiguration section */
		6BC0CA0F2B05F90100617411 /* Debug */ = {
			isa = XCBuildConfiguration;
			buildSettings = {
				ALWAYS_SEARCH_USER_PATHS = NO;
				ASSETCATALOG_COMPILER_GENERATE_SWIFT_ASSET_SYMBOL_EXTENSIONS = YES;
				CLANG_ANALYZER_NONNULL = YES;
				CLANG_ANALYZER_NUMBER_OBJECT_CONVERSION = YES_AGGRESSIVE;
				CLANG_CXX_LANGUAGE_STANDARD = "gnu++20";
				CLANG_ENABLE_MODULES = YES;
				CLANG_ENABLE_OBJC_ARC = YES;
				CLANG_ENABLE_OBJC_WEAK = YES;
				CLANG_WARN_BLOCK_CAPTURE_AUTORELEASING = YES;
				CLANG_WARN_BOOL_CONVERSION = YES;
				CLANG_WARN_COMMA = YES;
				CLANG_WARN_CONSTANT_CONVERSION = YES;
				CLANG_WARN_DEPRECATED_OBJC_IMPLEMENTATIONS = YES;
				CLANG_WARN_DIRECT_OBJC_ISA_USAGE = YES_ERROR;
				CLANG_WARN_DOCUMENTATION_COMMENTS = YES;
				CLANG_WARN_EMPTY_BODY = YES;
				CLANG_WARN_ENUM_CONVERSION = YES;
				CLANG_WARN_INFINITE_RECURSION = YES;
				CLANG_WARN_INT_CONVERSION = YES;
				CLANG_WARN_NON_LITERAL_NULL_CONVERSION = YES;
				CLANG_WARN_OBJC_IMPLICIT_RETAIN_SELF = YES;
				CLANG_WARN_OBJC_LITERAL_CONVERSION = YES;
				CLANG_WARN_OBJC_ROOT_CLASS = YES_ERROR;
				CLANG_WARN_QUOTED_INCLUDE_IN_FRAMEWORK_HEADER = YES;
				CLANG_WARN_RANGE_LOOP_ANALYSIS = YES;
				CLANG_WARN_STRICT_PROTOTYPES = YES;
				CLANG_WARN_SUSPICIOUS_MOVE = YES;
				CLANG_WARN_UNGUARDED_AVAILABILITY = YES_AGGRESSIVE;
				CLANG_WARN_UNREACHABLE_CODE = YES;
				CLANG_WARN__DUPLICATE_METHOD_MATCH = YES;
				COPY_PHASE_STRIP = NO;
				DEBUG_INFORMATION_FORMAT = dwarf;
				ENABLE_STRICT_OBJC_MSGSEND = YES;
				ENABLE_TESTABILITY = YES;
				ENABLE_USER_SCRIPT_SANDBOXING = YES;
				GCC_C_LANGUAGE_STANDARD = gnu17;
				GCC_DYNAMIC_NO_PIC = NO;
				GCC_NO_COMMON_BLOCKS = YES;
				GCC_OPTIMIZATION_LEVEL = 0;
				GCC_PREPROCESSOR_DEFINITIONS = (
					"DEBUG=1",
					"$(inherited)",
				);
				GCC_WARN_64_TO_32_BIT_CONVERSION = YES;
				GCC_WARN_ABOUT_RETURN_TYPE = YES_ERROR;
				GCC_WARN_UNDECLARED_SELECTOR = YES;
				GCC_WARN_UNINITIALIZED_AUTOS = YES_AGGRESSIVE;
				GCC_WARN_UNUSED_FUNCTION = YES;
				GCC_WARN_UNUSED_VARIABLE = YES;
				IPHONEOS_DEPLOYMENT_TARGET = 17.0;
				LOCALIZATION_PREFERS_STRING_CATALOGS = YES;
				MTL_ENABLE_DEBUG_INFO = INCLUDE_SOURCE;
				MTL_FAST_MATH = YES;
				ONLY_ACTIVE_ARCH = YES;
				SDKROOT = iphoneos;
				SWIFT_ACTIVE_COMPILATION_CONDITIONS = "DEBUG $(inherited)";
				SWIFT_OPTIMIZATION_LEVEL = "-Onone";
			};
			name = Debug;
		};
		6BC0CA102B05F90100617411 /* Release */ = {
			isa = XCBuildConfiguration;
			buildSettings = {
				ALWAYS_SEARCH_USER_PATHS = NO;
				ASSETCATALOG_COMPILER_GENERATE_SWIFT_ASSET_SYMBOL_EXTENSIONS = YES;
				CLANG_ANALYZER_NONNULL = YES;
				CLANG_ANALYZER_NUMBER_OBJECT_CONVERSION = YES_AGGRESSIVE;
				CLANG_CXX_LANGUAGE_STANDARD = "gnu++20";
				CLANG_ENABLE_MODULES = YES;
				CLANG_ENABLE_OBJC_ARC = YES;
				CLANG_ENABLE_OBJC_WEAK = YES;
				CLANG_WARN_BLOCK_CAPTURE_AUTORELEASING = YES;
				CLANG_WARN_BOOL_CONVERSION = YES;
				CLANG_WARN_COMMA = YES;
				CLANG_WARN_CONSTANT_CONVERSION = YES;
				CLANG_WARN_DEPRECATED_OBJC_IMPLEMENTATIONS = YES;
				CLANG_WARN_DIRECT_OBJC_ISA_USAGE = YES_ERROR;
				CLANG_WARN_DOCUMENTATION_COMMENTS = YES;
				CLANG_WARN_EMPTY_BODY = YES;
				CLANG_WARN_ENUM_CONVERSION = YES;
				CLANG_WARN_INFINITE_RECURSION = YES;
				CLANG_WARN_INT_CONVERSION = YES;
				CLANG_WARN_NON_LITERAL_NULL_CONVERSION = YES;
				CLANG_WARN_OBJC_IMPLICIT_RETAIN_SELF = YES;
				CLANG_WARN_OBJC_LITERAL_CONVERSION = YES;
				CLANG_WARN_OBJC_ROOT_CLASS = YES_ERROR;
				CLANG_WARN_QUOTED_INCLUDE_IN_FRAMEWORK_HEADER = YES;
				CLANG_WARN_RANGE_LOOP_ANALYSIS = YES;
				CLANG_WARN_STRICT_PROTOTYPES = YES;
				CLANG_WARN_SUSPICIOUS_MOVE = YES;
				CLANG_WARN_UNGUARDED_AVAILABILITY = YES_AGGRESSIVE;
				CLANG_WARN_UNREACHABLE_CODE = YES;
				CLANG_WARN__DUPLICATE_METHOD_MATCH = YES;
				COPY_PHASE_STRIP = NO;
				DEBUG_INFORMATION_FORMAT = "dwarf-with-dsym";
				ENABLE_NS_ASSERTIONS = NO;
				ENABLE_STRICT_OBJC_MSGSEND = YES;
				ENABLE_USER_SCRIPT_SANDBOXING = YES;
				GCC_C_LANGUAGE_STANDARD = gnu17;
				GCC_NO_COMMON_BLOCKS = YES;
				GCC_WARN_64_TO_32_BIT_CONVERSION = YES;
				GCC_WARN_ABOUT_RETURN_TYPE = YES_ERROR;
				GCC_WARN_UNDECLARED_SELECTOR = YES;
				GCC_WARN_UNINITIALIZED_AUTOS = YES_AGGRESSIVE;
				GCC_WARN_UNUSED_FUNCTION = YES;
				GCC_WARN_UNUSED_VARIABLE = YES;
				IPHONEOS_DEPLOYMENT_TARGET = 17.0;
				LOCALIZATION_PREFERS_STRING_CATALOGS = YES;
				MTL_ENABLE_DEBUG_INFO = NO;
				MTL_FAST_MATH = YES;
				SDKROOT = iphoneos;
				SWIFT_COMPILATION_MODE = wholemodule;
				VALIDATE_PRODUCT = YES;
			};
			name = Release;
		};
		6BC0CA122B05F90100617411 /* Debug */ = {
			isa = XCBuildConfiguration;
			buildSettings = {
				ASSETCATALOG_COMPILER_APPICON_NAME = AppIcon;
				ASSETCATALOG_COMPILER_GLOBAL_ACCENT_COLOR_NAME = AccentColor;
				CODE_SIGN_STYLE = Automatic;
				CURRENT_PROJECT_VERSION = 1;
				DEVELOPMENT_ASSET_PATHS = "\"tesanna/Preview Content\"";
				DEVELOPMENT_TEAM = S6P962D2PT;
				ENABLE_PREVIEWS = YES;
				GENERATE_INFOPLIST_FILE = YES;
				INFOPLIST_KEY_UIApplicationSceneManifest_Generation = YES;
				INFOPLIST_KEY_UIApplicationSupportsIndirectInputEvents = YES;
				INFOPLIST_KEY_UILaunchScreen_Generation = YES;
				INFOPLIST_KEY_UISupportedInterfaceOrientations_iPad = "UIInterfaceOrientationPortrait UIInterfaceOrientationPortraitUpsideDown UIInterfaceOrientationLandscapeLeft UIInterfaceOrientationLandscapeRight";
				INFOPLIST_KEY_UISupportedInterfaceOrientations_iPhone = "UIInterfaceOrientationPortrait UIInterfaceOrientationLandscapeLeft UIInterfaceOrientationLandscapeRight";
				LD_RUNPATH_SEARCH_PATHS = (
					"$(inherited)",
					"@executable_path/Frameworks",
				);
				MARKETING_VERSION = 1.0;
				PRODUCT_BUNDLE_IDENTIFIER = com.haneen.tesanna;
				PRODUCT_NAME = "$(TARGET_NAME)";
				SWIFT_EMIT_LOC_STRINGS = YES;
				SWIFT_VERSION = 5.0;
				TARGETED_DEVICE_FAMILY = "1,2";
			};
			name = Debug;
		};
		6BC0CA132B05F90100617411 /* Release */ = {
			isa = XCBuildConfiguration;
			buildSettings = {
				ASSETCATALOG_COMPILER_APPICON_NAME = AppIcon;
				ASSETCATALOG_COMPILER_GLOBAL_ACCENT_COLOR_NAME = AccentColor;
				CODE_SIGN_STYLE = Automatic;
				CURRENT_PROJECT_VERSION = 1;
				DEVELOPMENT_ASSET_PATHS = "\"tesanna/Preview Content\"";
				DEVELOPMENT_TEAM = S6P962D2PT;
				ENABLE_PREVIEWS = YES;
				GENERATE_INFOPLIST_FILE = YES;
				INFOPLIST_KEY_UIApplicationSceneManifest_Generation = YES;
				INFOPLIST_KEY_UIApplicationSupportsIndirectInputEvents = YES;
				INFOPLIST_KEY_UILaunchScreen_Generation = YES;
				INFOPLIST_KEY_UISupportedInterfaceOrientations_iPad = "UIInterfaceOrientationPortrait UIInterfaceOrientationPortraitUpsideDown UIInterfaceOrientationLandscapeLeft UIInterfaceOrientationLandscapeRight";
				INFOPLIST_KEY_UISupportedInterfaceOrientations_iPhone = "UIInterfaceOrientationPortrait UIInterfaceOrientationLandscapeLeft UIInterfaceOrientationLandscapeRight";
				LD_RUNPATH_SEARCH_PATHS = (
					"$(inherited)",
					"@executable_path/Frameworks",
				);
				MARKETING_VERSION = 1.0;
				PRODUCT_BUNDLE_IDENTIFIER = com.haneen.tesanna;
				PRODUCT_NAME = "$(TARGET_NAME)";
				SWIFT_EMIT_LOC_STRINGS = YES;
				SWIFT_VERSION = 5.0;
				TARGETED_DEVICE_FAMILY = "1,2";
			};
			name = Release;
		};
/* End XCBuildConfiguration section */

/* Begin XCConfigurationList section */
		6BC0C9FE2B05F8FF00617411 /* Build configuration list for PBXProject "tesanna" */ = {
			isa = XCConfigurationList;
			buildConfigurations = (
				6BC0CA0F2B05F90100617411 /* Debug */,
				6BC0CA102B05F90100617411 /* Release */,
			);
			defaultConfigurationIsVisible = 0;
			defaultConfigurationName = Release;
		};
		6BC0CA112B05F90100617411 /* Build configuration list for PBXNativeTarget "tesanna" */ = {
			isa = XCConfigurationList;
			buildConfigurations = (
				6BC0CA122B05F90100617411 /* Debug */,
				6BC0CA132B05F90100617411 /* Release */,
			);
			defaultConfigurationIsVisible = 0;
			defaultConfigurationName = Release;
		};
/* End XCConfigurationList section */
	};
	rootObject = 6BC0C9FB2B05F8FF00617411 /* Project object */;
}
